
Microsoft Visual Studio Solution File, Format Version 12.00
# Visual Studio Version 16
VisualStudioVersion = 16.0.30711.63
MinimumVisualStudioVersion = 10.0.40219.1
Project("{9A19103F-16F7-4668-BE54-9A1E7A4F7556}") = "Module11", "Module11\Module11.csproj", "{17CACD45-CD68-4DE1-B67B-6561C26632F8}"
EndProject
Project("{FAE04EC0-301F-11D3-BF4B-00C04F79EFBC}") = "Module13", "Module13\Module13.csproj", "{8BD92684-B13C-48AC-B907-3F687B5E5D25}"
EndProject
Global
	GlobalSection(SolutionConfigurationPlatforms) = preSolution
		Debug|Any CPU = Debug|Any CPU
		Release|Any CPU = Release|Any CPU
	EndGlobalSection
	GlobalSection(ProjectConfigurationPlatforms) = postSolution
		{17CACD45-CD68-4DE1-B67B-6561C26632F8}.Debug|Any CPU.ActiveCfg = Debug|Any CPU
		{17CACD45-CD68-4DE1-B67B-6561C26632F8}.Debug|Any CPU.Build.0 = Debug|Any CPU
		{17CACD45-CD68-4DE1-B67B-6561C26632F8}.Release|Any CPU.ActiveCfg = Release|Any CPU
		{17CACD45-CD68-4DE1-B67B-6561C26632F8}.Release|Any CPU.Build.0 = Release|Any CPU
		{8BD92684-B13C-48AC-B907-3F687B5E5D25}.Debug|Any CPU.ActiveCfg = Debug|Any CPU
		{8BD92684-B13C-48AC-B907-3F687B5E5D25}.Debug|Any CPU.Build.0 = Debug|Any CPU
		{8BD92684-B13C-48AC-B907-3F687B5E5D25}.Release|Any CPU.ActiveCfg = Release|Any CPU
		{8BD92684-B13C-48AC-B907-3F687B5E5D25}.Release|Any CPU.Build.0 = Release|Any CPU
	EndGlobalSection
	GlobalSection(SolutionProperties) = preSolution
		HideSolutionNode = FALSE
	EndGlobalSection
	GlobalSection(ExtensibilityGlobals) = postSolution
		SolutionGuid = {5039DE6D-9B12-474E-97E2-0E1E20E5487F}
	EndGlobalSection
EndGlobal
